# This file is autogenerated, do not edit; changes may be undone by the next 'dep ensure'.


[[projects]]
  branch = "master"
  digest = "1:4d085aff0040239bac7ef78d8dd96b5e7f0d99aeb1ad7bdda140650782ba5577"
  name = "github.com/joaosoft/auth-types"
  packages = ["jwt"]
  pruneopts = "UT"
  revision = "9b1bbd776f4217aa97bc5f74316fffc6dd0b9c6e"

[[projects]]
  branch = "master"
  digest = "1:b0b8e1f9c70074785ae3c9a1a17a70fa71f1ea57ab33c8f9a533b0e2b035cf30"
  name = "github.com/joaosoft/errors"
  packages = ["."]
  pruneopts = "UT"
  revision = "063d59ab641c2a5e44549624c790c2d59cc1152c"

[[projects]]
  branch = "master"
  digest = "1:96f3236119ac3094a3352959fab9f16b5f6a4acb58805b29f8947ae232307ae1"
  name = "github.com/joaosoft/tag"
  packages = ["."]
  pruneopts = "UT"
  revision = "66fd33589caade44fb0afbd641cfa3ac52bd9fbc"

[solve-meta]
  analyzer-name = "dep"
  analyzer-version = 1
  input-imports = [
    "github.com/joaosoft/auth-types/jwt",
    "github.com/joaosoft/tag",
  ]
  solver-name = "gps-cdcl"
  solver-version = 1
